// !$*UTF8*$!
{
	archiveVersion = 1;
	classes = {
	};
	objectVersion = 46;
	objects = {

/* Begin PBXBuildFile section */
		EA3BD91B1CDB2E250094FFAA /* main.c in Sources */ = {isa = PBXBuildFile; fileRef = EA3BD91A1CDB2E240094FFAA /* main.c */; };
/* End PBXBuildFile section */

/* Begin PBXCopyFilesBuildPhase section */
		EA3BD9151CDB2E240094FFAA /* CopyFiles */ = {
			isa = PBXCopyFilesBuildPhase;
			buildActionMask = 2147483647;
			dstPath = /usr/share/man/man1/;
			dstSubfolderSpec = 0;
			files = (
			);
			runOnlyForDeploymentPostprocessing = 1;
		};
/* End PBXCopyFilesBuildPhase section */

/* Begin PBXFileReference section */
		EA3BD9171CDB2E240094FFAA /* MatMultiply(Threads) */ = {isa = PBXFileReference; explicitFileType = "compiled.mach-o.executable"; includeInIndex = 0; path = "MatMultiply(Threads)"; sourceTree = BUILT_PRODUCTS_DIR; };
		EA3BD91A1CDB2E240094FFAA /* main.c */ = {isa = PBXFileReference; lastKnownFileType = sourcecode.c.c; path = main.c; sourceTree = "<group>"; };
/* End PBXFileReference section */

/* Begin PBXFrameworksBuildPhase section */
		EA3BD9141CDB2E240094FFAA /* Frameworks */ = {
			isa = PBXFrameworksBuildPhase;
			buildActionMask = 2147483647;
			files = (
			);
			runOnlyForDeploymentPostprocessing = 0;
		};
/* End PBXFrameworksBuildPhase section */

/* Begin PBXGroup section */
		EA3BD90E1CDB2E240094FFAA = {
			isa = PBXGroup;
			children = (
				EA3BD9191CDB2E240094FFAA /* MatMultiply(Threads) */,
				EA3BD9181CDB2E240094FFAA /* Products */,
			);
			sourceTree = "<group>";
		};
		EA3BD9181CDB2E240094FFAA /* Products */ = {
			isa = PBXGroup;
			children = (
				EA3BD9171CDB2E240094FFAA /* MatMultiply(Threads) */,
			);
			name = Products;
			sourceTree = "<group>";
		};
		EA3BD9191CDB2E240094FFAA /* MatMultiply(Threads) */ = {
			isa = PBXGroup;
			children = (
				EA3BD91A1CDB2E240094FFAA /* main.c */,
			);
			path = "MatMultiply(Threads)";
			sourceTree = "<group>";
		};
/* End PBXGroup section */

/* Begin PBXNativeTarget section */
		EA3BD9161CDB2E240094FFAA /* MatMultiply(Threads) */ = {
			isa = PBXNativeTarget;
			buildConfigurationList = EA3BD91E1CDB2E250094FFAA /* Build configuration list for PBXNativeTarget "MatMultiply(Threads)" */;
			buildPhases = (
				EA3BD9131CDB2E240094FFAA /* Sources */,
				EA3BD9141CDB2E240094FFAA /* Frameworks */,
				EA3BD9151CDB2E240094FFAA /* CopyFiles */,
			);
			buildRules = (
			);
			dependencies = (
			);
			name = "MatMultiply(Threads)";
			productName = "MatMultiply(Threads)";
			productReference = EA3BD9171CDB2E240094FFAA /* MatMultiply(Threads) */;
			productType = "com.apple.product-type.tool";
		};
/* End PBXNativeTarget section */

/* Begin PBXProject section */
		EA3BD90F1CDB2E240094FFAA /* Project object */ = {
			isa = PBXProject;
			attributes = {
				LastUpgradeCheck = 0730;
				ORGANIZATIONNAME = "Ahmed masoud";
				TargetAttributes = {
					EA3BD9161CDB2E240094FFAA = {
						CreatedOnToolsVersion = 7.3.1;
					};
				};
			};
			buildConfigurationList = EA3BD9121CDB2E240094FFAA /* Build configuration list for PBXProject "MatMultiply(Threads)" */;
			compatibilityVersion = "Xcode 3.2";
			developmentRegion = English;
			hasScannedForEncodings = 0;
			knownRegions = (
				en,
			);
			mainGroup = EA3BD90E1CDB2E240094FFAA;
			productRefGroup = EA3BD9181CDB2E240094FFAA /* Products */;
			projectDirPath = "";
			projectRoot = "";
			targets = (
				EA3BD9161CDB2E240094FFAA /* MatMultiply(Threads) */,
			);
		};
/* End PBXProject section */

/* Begin PBXSourcesBuildPhase section */
		EA3BD9131CDB2E240094FFAA /* Sources */ = {
			isa = PBXSourcesBuildPhase;
			buildActionMask = 2147483647;
			files = (
				EA3BD91B1CDB2E250094FFAA /* main.c in Sources */,
			);
			runOnlyForDeploymentPostprocessing = 0;
		};
/* End PBXSourcesBuildPhase section */

/* Begin XCBuildConfiguration section */
		EA3BD91C1CDB2E250094FFAA /* Debug */ = {
			isa = XCBuildConfiguration;
			buildSettings = {
				ALWAYS_SEARCH_USER_PATHS = NO;
				CLANG_ANALYZER_NONNULL = YES;
				CLANG_CXX_LANGUAGE_STANDARD = "gnu++0x";
				CLANG_CXX_LIBRARY = "libc++";
				CLANG_ENABLE_MODULES = YES;
				CLANG_ENABLE_OBJC_ARC = YES;
				CLANG_WARN_BOOL_CONVERSION = YES;
				CLANG_WARN_CONSTANT_CONVERSION = YES;
				CLANG_WARN_DIRECT_OBJC_ISA_USAGE = YES_ERROR;
				CLANG_WARN_EMPTY_BODY = YES;
				CLANG_WARN_ENUM_CONVERSION = YES;
				CLANG_WARN_INT_CONVERSION = YES;
				CLANG_WARN_OBJC_ROOT_CLASS = YES_ERROR;
				CLANG_WARN_UNREACHABLE_CODE = YES;
				CLANG_WARN__DUPLICATE_METHOD_MATCH = YES;
				CODE_SIGN_IDENTITY = "-";
				COPY_PHASE_STRIP = NO;
				DEBUG_INFORMATION_FORMAT = dwarf;
				ENABLE_STRICT_OBJC_MSGSEND = YES;
				ENABLE_TESTABILITY = YES;
				GCC_C_LANGUAGE_STANDARD = gnu99;
				GCC_DYNAMIC_NO_PIC = NO;
				GCC_NO_COMMON_BLOCKS = YES;
				GCC_OPTIMIZATION_LEVEL = 0;
				GCC_PREPROCESSOR_DEFINITIONS = (
					"DEBUG=1",
					"$(inherited)",
				);
				GCC_WARN_64_TO_32_BIT_CONVERSION = YES;
				GCC_WARN_ABOUT_RETURN_TYPE = YES_ERROR;
				GCC_WARN_UNDECLARED_SELECTOR = YES;
				GCC_WARN_UNINITIALIZED_AUTOS = YES_AGGRESSIVE;
				GCC_WARN_UNUSED_FUNCTION = YES;
				GCC_WARN_UNUSED_VARIABLE = YES;
				MACOSX_DEPLOYMENT_TARGET = 10.11;
				MTL_ENABLE_DEBUG_INFO = YES;
				ONLY_ACTIVE_ARCH = YES;
				SDKROOT = macosx;
			};
			name = Debug;
		};
		EA3BD91D1CDB2E250094FFAA /* Release */ = {
			isa = XCBuildConfiguration;
			buildSettings = {
				ALWAYS_SEARCH_USER_PATHS = NO;
				CLANG_ANALYZER_NONNULL = YES;
				CLANG_CXX_LANGUAGE_STANDARD = "gnu++0x";
				CLANG_CXX_LIBRARY = "libc++";
				CLANG_ENABLE_MODULES = YES;
				CLANG_ENABLE_OBJC_ARC = YES;
				CLANG_WARN_BOOL_CONVERSION = YES;
				CLANG_WARN_CONSTANT_CONVERSION = YES;
				CLANG_WARN_DIRECT_OBJC_ISA_USAGE = YES_ERROR;
				CLANG_WARN_EMPTY_BODY = YES;
				CLANG_WARN_ENUM_CONVERSION = YES;
				CLANG_WARN_INT_CONVERSION = YES;
				CLANG_WARN_OBJC_ROOT_CLASS = YES_ERROR;
				CLANG_WARN_UNREACHABLE_CODE = YES;
				CLANG_WARN__DUPLICATE_METHOD_MATCH = YES;
				CODE_SIGN_IDENTITY = "-";
				COPY_PHASE_STRIP = NO;
				DEBUG_INFORMATION_FORMAT = "dwarf-with-dsym";
				ENABLE_NS_ASSERTIONS = NO;
				ENABLE_STRICT_OBJC_MSGSEND = YES;
				GCC_C_LANGUAGE_STANDARD = gnu99;
				GCC_NO_COMMON_BLOCKS = YES;
				GCC_WARN_64_TO_32_BIT_CONVERSION = YES;
				GCC_WARN_ABOUT_RETURN_TYPE = YES_ERROR;
				GCC_WARN_UNDECLARED_SELECTOR = YES;
				GCC_WARN_UNINITIALIZED_AUTOS = YES_AGGRESSIVE;
				GCC_WARN_UNUSED_FUNCTION = YES;
				GCC_WARN_UNUSED_VARIABLE = YES;
				MACOSX_DEPLOYMENT_TARGET = 10.11;
				MTL_ENABLE_DEBUG_INFO = NO;
				SDKROOT = macosx;
			};
			name = Release;
		};
		EA3BD91F1CDB2E250094FFAA /* Debug */ = {
			isa = XCBuildConfiguration;
			buildSettings = {
				PRODUCT_NAME = "$(TARGET_NAME)";
			};
			name = Debug;
		};
		EA3BD9201CDB2E250094FFAA /* Release */ = {
			isa = XCBuildConfiguration;
			buildSettings = {
				PRODUCT_NAME = "$(TARGET_NAME)";
			};
			name = Release;
		};
/* End XCBuildConfiguration section */

/* Begin XCConfigurationList section */
		EA3BD9121CDB2E240094FFAA /* Build configuration list for PBXProject "MatMultiply(Threads)" */ = {
			isa = XCConfigurationList;
			buildConfigurations = (
				EA3BD91C1CDB2E250094FFAA /* Debug */,
				EA3BD91D1CDB2E250094FFAA /* Release */,
			);
			defaultConfigurationIsVisible = 0;
			defaultConfigurationName = Release;
		};
		EA3BD91E1CDB2E250094FFAA /* Build configuration list for PBXNativeTarget "MatMultiply(Threads)" */ = {
			isa = XCConfigurationList;
			buildConfigurations = (
				EA3BD91F1CDB2E250094FFAA /* Debug */,
				EA3BD9201CDB2E250094FFAA /* Release */,
			);
			defaultConfigurationIsVisible = 0;
		};
/* End XCConfigurationList section */
	};
	rootObject = EA3BD90F1CDB2E240094FFAA /* Project object */;
}
